
Microsoft Visual Studio Solution File, Format Version 12.00
# Visual Studio Version 17
VisualStudioVersion = 17.1.32228.430
MinimumVisualStudioVersion = 10.0.40219.1
Project("{FAE04EC0-301F-11D3-BF4B-00C04F79EFBC}") = "Cqrs.API", "Cqrs.API\Cqrs.API.csproj", "{0F5B3EC1-2FCC-4E74-ABC8-B058E1773688}"
EndProject
Project("{FAE04EC0-301F-11D3-BF4B-00C04F79EFBC}") = "Cqrs.Application", "Cqrs.Application\Cqrs.Application.csproj", "{FA3198F0-7FB2-47EB-93EB-7019512169C8}"
EndProject
Project("{FAE04EC0-301F-11D3-BF4B-00C04F79EFBC}") = "Cqrs.Infraestructure", "Cqrs.Infraestructure\Cqrs.Infraestructure.csproj", "{168087A0-A504-4F0C-AC98-60C930541B0E}"
EndProject
Global
	GlobalSection(SolutionConfigurationPlatforms) = preSolution
		Debug|Any CPU = Debug|Any CPU
		Release|Any CPU = Release|Any CPU
	EndGlobalSection
	GlobalSection(ProjectConfigurationPlatforms) = postSolution
		{0F5B3EC1-2FCC-4E74-ABC8-B058E1773688}.Debug|Any CPU.ActiveCfg = Debug|Any CPU
		{0F5B3EC1-2FCC-4E74-ABC8-B058E1773688}.Debug|Any CPU.Build.0 = Debug|Any CPU
		{0F5B3EC1-2FCC-4E74-ABC8-B058E1773688}.Release|Any CPU.ActiveCfg = Release|Any CPU
		{0F5B3EC1-2FCC-4E74-ABC8-B058E1773688}.Release|Any CPU.Build.0 = Release|Any CPU
		{FA3198F0-7FB2-47EB-93EB-7019512169C8}.Debug|Any CPU.ActiveCfg = Debug|Any CPU
		{FA3198F0-7FB2-47EB-93EB-7019512169C8}.Debug|Any CPU.Build.0 = Debug|Any CPU
		{FA3198F0-7FB2-47EB-93EB-7019512169C8}.Release|Any CPU.ActiveCfg = Release|Any CPU
		{FA3198F0-7FB2-47EB-93EB-7019512169C8}.Release|Any CPU.Build.0 = Release|Any CPU
		{168087A0-A504-4F0C-AC98-60C930541B0E}.Debug|Any CPU.ActiveCfg = Debug|Any CPU
		{168087A0-A504-4F0C-AC98-60C930541B0E}.Debug|Any CPU.Build.0 = Debug|Any CPU
		{168087A0-A504-4F0C-AC98-60C930541B0E}.Release|Any CPU.ActiveCfg = Release|Any CPU
		{168087A0-A504-4F0C-AC98-60C930541B0E}.Release|Any CPU.Build.0 = Release|Any CPU
	EndGlobalSection
	GlobalSection(SolutionProperties) = preSolution
		HideSolutionNode = FALSE
	EndGlobalSection
	GlobalSection(ExtensibilityGlobals) = postSolution
		SolutionGuid = {6AAAA81A-3CC3-4D6E-A3AA-CA86B4475E9E}
	EndGlobalSection
EndGlobal
